
Microsoft Visual Studio Solution File, Format Version 12.00
# Visual Studio Version 16
VisualStudioVersion = 16.0.31205.134
MinimumVisualStudioVersion = 10.0.40219.1
Project("{FAE04EC0-301F-11D3-BF4B-00C04F79EFBC}") = "AppS3.Android", "AppS3.Android\AppS3.Android.csproj", "{320E33F4-2024-4EC4-B9F5-10ED5D097F01}"
EndProject
Project("{FAE04EC0-301F-11D3-BF4B-00C04F79EFBC}") = "AppS3.iOS", "AppS3.iOS\AppS3.iOS.csproj", "{43A5429D-32B2-4422-B673-70F95C42B471}"
EndProject
Project("{FAE04EC0-301F-11D3-BF4B-00C04F79EFBC}") = "AppS3", "AppS3\AppS3.csproj", "{AA1DD963-EBD8-4EC0-933F-863A4DA946B7}"
EndProject
Global
	GlobalSection(SolutionConfigurationPlatforms) = preSolution
		Debug|Any CPU = Debug|Any CPU
		Debug|iPhone = Debug|iPhone
		Debug|iPhoneSimulator = Debug|iPhoneSimulator
		Release|Any CPU = Release|Any CPU
		Release|iPhone = Release|iPhone
		Release|iPhoneSimulator = Release|iPhoneSimulator
	EndGlobalSection
	GlobalSection(ProjectConfigurationPlatforms) = postSolution
		{320E33F4-2024-4EC4-B9F5-10ED5D097F01}.Debug|Any CPU.ActiveCfg = Debug|Any CPU
		{320E33F4-2024-4EC4-B9F5-10ED5D097F01}.Debug|Any CPU.Build.0 = Debug|Any CPU
		{320E33F4-2024-4EC4-B9F5-10ED5D097F01}.Debug|Any CPU.Deploy.0 = Debug|Any CPU
		{320E33F4-2024-4EC4-B9F5-10ED5D097F01}.Debug|iPhone.ActiveCfg = Debug|Any CPU
		{320E33F4-2024-4EC4-B9F5-10ED5D097F01}.Debug|iPhone.Build.0 = Debug|Any CPU
		{320E33F4-2024-4EC4-B9F5-10ED5D097F01}.Debug|iPhone.Deploy.0 = Debug|Any CPU
		{320E33F4-2024-4EC4-B9F5-10ED5D097F01}.Debug|iPhoneSimulator.ActiveCfg = Debug|Any CPU
		{320E33F4-2024-4EC4-B9F5-10ED5D097F01}.Debug|iPhoneSimulator.Build.0 = Debug|Any CPU
		{320E33F4-2024-4EC4-B9F5-10ED5D097F01}.Debug|iPhoneSimulator.Deploy.0 = Debug|Any CPU
		{320E33F4-2024-4EC4-B9F5-10ED5D097F01}.Release|Any CPU.ActiveCfg = Release|Any CPU
		{320E33F4-2024-4EC4-B9F5-10ED5D097F01}.Release|Any CPU.Build.0 = Release|Any CPU
		{320E33F4-2024-4EC4-B9F5-10ED5D097F01}.Release|Any CPU.Deploy.0 = Release|Any CPU
		{320E33F4-2024-4EC4-B9F5-10ED5D097F01}.Release|iPhone.ActiveCfg = Release|Any CPU
		{320E33F4-2024-4EC4-B9F5-10ED5D097F01}.Release|iPhone.Build.0 = Release|Any CPU
		{320E33F4-2024-4EC4-B9F5-10ED5D097F01}.Release|iPhone.Deploy.0 = Release|Any CPU
		{320E33F4-2024-4EC4-B9F5-10ED5D097F01}.Release|iPhoneSimulator.ActiveCfg = Release|Any CPU
		{320E33F4-2024-4EC4-B9F5-10ED5D097F01}.Release|iPhoneSimulator.Build.0 = Release|Any CPU
		{320E33F4-2024-4EC4-B9F5-10ED5D097F01}.Release|iPhoneSimulator.Deploy.0 = Release|Any CPU
		{43A5429D-32B2-4422-B673-70F95C42B471}.Debug|Any CPU.ActiveCfg = Debug|iPhone
		{43A5429D-32B2-4422-B673-70F95C42B471}.Debug|Any CPU.Build.0 = Debug|iPhone
		{43A5429D-32B2-4422-B673-70F95C42B471}.Debug|Any CPU.Deploy.0 = Debug|iPhone
		{43A5429D-32B2-4422-B673-70F95C42B471}.Debug|iPhone.ActiveCfg = Debug|iPhone
		{43A5429D-32B2-4422-B673-70F95C42B471}.Debug|iPhone.Build.0 = Debug|iPhone
		{43A5429D-32B2-4422-B673-70F95C42B471}.Debug|iPhone.Deploy.0 = Debug|iPhone
		{43A5429D-32B2-4422-B673-70F95C42B471}.Debug|iPhoneSimulator.ActiveCfg = Debug|iPhoneSimulator
		{43A5429D-32B2-4422-B673-70F95C42B471}.Debug|iPhoneSimulator.Build.0 = Debug|iPhoneSimulator
		{43A5429D-32B2-4422-B673-70F95C42B471}.Debug|iPhoneSimulator.Deploy.0 = Debug|iPhoneSimulator
		{43A5429D-32B2-4422-B673-70F95C42B471}.Release|Any CPU.ActiveCfg = Release|iPhoneSimulator
		{43A5429D-32B2-4422-B673-70F95C42B471}.Release|Any CPU.Build.0 = Release|iPhoneSimulator
		{43A5429D-32B2-4422-B673-70F95C42B471}.Release|Any CPU.Deploy.0 = Release|iPhoneSimulator
		{43A5429D-32B2-4422-B673-70F95C42B471}.Release|iPhone.ActiveCfg = Release|iPhone
		{43A5429D-32B2-4422-B673-70F95C42B471}.Release|iPhone.Build.0 = Release|iPhone
		{43A5429D-32B2-4422-B673-70F95C42B471}.Release|iPhone.Deploy.0 = Release|iPhone
		{43A5429D-32B2-4422-B673-70F95C42B471}.Release|iPhoneSimulator.ActiveCfg = Release|iPhoneSimulator
		{43A5429D-32B2-4422-B673-70F95C42B471}.Release|iPhoneSimulator.Build.0 = Release|iPhoneSimulator
		{43A5429D-32B2-4422-B673-70F95C42B471}.Release|iPhoneSimulator.Deploy.0 = Release|iPhoneSimulator
		{AA1DD963-EBD8-4EC0-933F-863A4DA946B7}.Debug|Any CPU.ActiveCfg = Debug|Any CPU
		{AA1DD963-EBD8-4EC0-933F-863A4DA946B7}.Debug|Any CPU.Build.0 = Debug|Any CPU
		{AA1DD963-EBD8-4EC0-933F-863A4DA946B7}.Debug|Any CPU.Deploy.0 = Debug|Any CPU
		{AA1DD963-EBD8-4EC0-933F-863A4DA946B7}.Debug|iPhone.ActiveCfg = Debug|Any CPU
		{AA1DD963-EBD8-4EC0-933F-863A4DA946B7}.Debug|iPhone.Build.0 = Debug|Any CPU
		{AA1DD963-EBD8-4EC0-933F-863A4DA946B7}.Debug|iPhone.Deploy.0 = Debug|Any CPU
		{AA1DD963-EBD8-4EC0-933F-863A4DA946B7}.Debug|iPhoneSimulator.ActiveCfg = Debug|Any CPU
		{AA1DD963-EBD8-4EC0-933F-863A4DA946B7}.Debug|iPhoneSimulator.Build.0 = Debug|Any CPU
		{AA1DD963-EBD8-4EC0-933F-863A4DA946B7}.Debug|iPhoneSimulator.Deploy.0 = Debug|Any CPU
		{AA1DD963-EBD8-4EC0-933F-863A4DA946B7}.Release|Any CPU.ActiveCfg = Release|Any CPU
		{AA1DD963-EBD8-4EC0-933F-863A4DA946B7}.Release|Any CPU.Build.0 = Release|Any CPU
		{AA1DD963-EBD8-4EC0-933F-863A4DA946B7}.Release|Any CPU.Deploy.0 = Release|Any CPU
		{AA1DD963-EBD8-4EC0-933F-863A4DA946B7}.Release|iPhone.ActiveCfg = Release|Any CPU
		{AA1DD963-EBD8-4EC0-933F-863A4DA946B7}.Release|iPhone.Build.0 = Release|Any CPU
		{AA1DD963-EBD8-4EC0-933F-863A4DA946B7}.Release|iPhone.Deploy.0 = Release|Any CPU
		{AA1DD963-EBD8-4EC0-933F-863A4DA946B7}.Release|iPhoneSimulator.ActiveCfg = Release|Any CPU
		{AA1DD963-EBD8-4EC0-933F-863A4DA946B7}.Release|iPhoneSimulator.Build.0 = Release|Any CPU
		{AA1DD963-EBD8-4EC0-933F-863A4DA946B7}.Release|iPhoneSimulator.Deploy.0 = Release|Any CPU
	EndGlobalSection
	GlobalSection(SolutionProperties) = preSolution
		HideSolutionNode = FALSE
	EndGlobalSection
	GlobalSection(ExtensibilityGlobals) = postSolution
		SolutionGuid = {D54D8DDF-CF62-4A7D-99A2-A77820559E3C}
	EndGlobalSection
EndGlobal
